// !$*UTF8*$!
{
	archiveVersion = 1;
	classes = {
	};
	objectVersion = 51;
	objects = {

/* Begin PBXBuildFile section */
		15DECA5E25D53B920088C66F /* AppDelegate.swift in Sources */ = {isa = PBXBuildFile; fileRef = 15DECA5D25D53B920088C66F /* AppDelegate.swift */; };
		15DECA6025D53B920088C66F /* SceneDelegate.swift in Sources */ = {isa = PBXBuildFile; fileRef = 15DECA5F25D53B920088C66F /* SceneDelegate.swift */; };
		15DECA6225D53B920088C66F /* ViewController.swift in Sources */ = {isa = PBXBuildFile; fileRef = 15DECA6125D53B920088C66F /* ViewController.swift */; };
		15DECA6525D53B920088C66F /* Main.storyboard in Resources */ = {isa = PBXBuildFile; fileRef = 15DECA6325D53B920088C66F /* Main.storyboard */; };
		15DECA6725D53B930088C66F /* Assets.xcassets in Resources */ = {isa = PBXBuildFile; fileRef = 15DECA6625D53B930088C66F /* Assets.xcassets */; };
		15DECA6A25D53B930088C66F /* LaunchScreen.storyboard in Resources */ = {isa = PBXBuildFile; fileRef = 15DECA6825D53B930088C66F /* LaunchScreen.storyboard */; };
		15DECA7225D53C820088C66F /* MarkYourHolidayVC.swift in Sources */ = {isa = PBXBuildFile; fileRef = 15DECA7125D53C810088C66F /* MarkYourHolidayVC.swift */; };
		15DECA7425D53CA60088C66F /* CalendarCell.swift in Sources */ = {isa = PBXBuildFile; fileRef = 15DECA7325D53CA60088C66F /* CalendarCell.swift */; };
		15DECA7725D53DCB0088C66F /* CalendarSectionHeaderView.swift in Sources */ = {isa = PBXBuildFile; fileRef = 15DECA7625D53DCA0088C66F /* CalendarSectionHeaderView.swift */; };
		15DECA7825D53E5B0088C66F /* CalendarSectionHeaderView.xib in Sources */ = {isa = PBXBuildFile; fileRef = 15DECA7525D53DCA0088C66F /* CalendarSectionHeaderView.xib */; };
		1CF4B5D6B8FD7BF52E030BED /* Pods_CallenderLineIssue.framework in Frameworks */ = {isa = PBXBuildFile; fileRef = 36ED12C74592C2EE123A6FC4 /* Pods_CallenderLineIssue.framework */; };
/* End PBXBuildFile section */

/* Begin PBXFileReference section */
		15DECA5A25D53B920088C66F /* CallenderLineIssue.app */ = {isa = PBXFileReference; explicitFileType = wrapper.application; includeInIndex = 0; path = CallenderLineIssue.app; sourceTree = BUILT_PRODUCTS_DIR; };
		15DECA5D25D53B920088C66F /* AppDelegate.swift */ = {isa = PBXFileReference; lastKnownFileType = sourcecode.swift; path = AppDelegate.swift; sourceTree = "<group>"; };
		15DECA5F25D53B920088C66F /* SceneDelegate.swift */ = {isa = PBXFileReference; lastKnownFileType = sourcecode.swift; path = SceneDelegate.swift; sourceTree = "<group>"; };
		15DECA6125D53B920088C66F /* ViewController.swift */ = {isa = PBXFileReference; lastKnownFileType = sourcecode.swift; path = ViewController.swift; sourceTree = "<group>"; };
		15DECA6425D53B920088C66F /* Base */ = {isa = PBXFileReference; lastKnownFileType = file.storyboard; name = Base; path = Base.lproj/Main.storyboard; sourceTree = "<group>"; };
		15DECA6625D53B930088C66F /* Assets.xcassets */ = {isa = PBXFileReference; lastKnownFileType = folder.assetcatalog; path = Assets.xcassets; sourceTree = "<group>"; };
		15DECA6925D53B930088C66F /* Base */ = {isa = PBXFileReference; lastKnownFileType = file.storyboard; name = Base; path = Base.lproj/LaunchScreen.storyboard; sourceTree = "<group>"; };
		15DECA6B25D53B930088C66F /* Info.plist */ = {isa = PBXFileReference; lastKnownFileType = text.plist.xml; path = Info.plist; sourceTree = "<group>"; };
		15DECA7125D53C810088C66F /* MarkYourHolidayVC.swift */ = {isa = PBXFileReference; lastKnownFileType = sourcecode.swift; path = MarkYourHolidayVC.swift; sourceTree = "<group>"; };
		15DECA7325D53CA60088C66F /* CalendarCell.swift */ = {isa = PBXFileReference; lastKnownFileType = sourcecode.swift; path = CalendarCell.swift; sourceTree = "<group>"; };
		15DECA7525D53DCA0088C66F /* CalendarSectionHeaderView.xib */ = {isa = PBXFileReference; lastKnownFileType = file.xib; path = CalendarSectionHeaderView.xib; sourceTree = "<group>"; };
		15DECA7625D53DCA0088C66F /* CalendarSectionHeaderView.swift */ = {isa = PBXFileReference; lastKnownFileType = sourcecode.swift; path = CalendarSectionHeaderView.swift; sourceTree = "<group>"; };
		36ED12C74592C2EE123A6FC4 /* Pods_CallenderLineIssue.framework */ = {isa = PBXFileReference; explicitFileType = wrapper.framework; includeInIndex = 0; path = Pods_CallenderLineIssue.framework; sourceTree = BUILT_PRODUCTS_DIR; };
		4FD5BA5827B9095A11DE14FB /* Pods-CallenderLineIssue.release.xcconfig */ = {isa = PBXFileReference; includeInIndex = 1; lastKnownFileType = text.xcconfig; name = "Pods-CallenderLineIssue.release.xcconfig"; path = "Target Support Files/Pods-CallenderLineIssue/Pods-CallenderLineIssue.release.xcconfig"; sourceTree = "<group>"; };
		6107D7A484D3619CA83CF857 /* Pods-CallenderLineIssue.debug.xcconfig */ = {isa = PBXFileReference; includeInIndex = 1; lastKnownFileType = text.xcconfig; name = "Pods-CallenderLineIssue.debug.xcconfig"; path = "Target Support Files/Pods-CallenderLineIssue/Pods-CallenderLineIssue.debug.xcconfig"; sourceTree = "<group>"; };
/* End PBXFileReference section */

/* Begin PBXFrameworksBuildPhase section */
		15DECA5725D53B920088C66F /* Frameworks */ = {
			isa = PBXFrameworksBuildPhase;
			buildActionMask = 2147483647;
			files = (
				1CF4B5D6B8FD7BF52E030BED /* Pods_CallenderLineIssue.framework in Frameworks */,
			);
			runOnlyForDeploymentPostprocessing = 0;
		};
/* End PBXFrameworksBuildPhase section */

/* Begin PBXGroup section */
		15DECA5125D53B920088C66F = {
			isa = PBXGroup;
			children = (
				15DECA5C25D53B920088C66F /* CallenderLineIssue */,
				15DECA5B25D53B920088C66F /* Products */,
				CF2DF0F0B93D34E4051BADA8 /* Pods */,
				DE71AEDB808DD56A17A6FFF9 /* Frameworks */,
			);
			sourceTree = "<group>";
		};
		15DECA5B25D53B920088C66F /* Products */ = {
			isa = PBXGroup;
			children = (
				15DECA5A25D53B920088C66F /* CallenderLineIssue.app */,
			);
			name = Products;
			sourceTree = "<group>";
		};
		15DECA5C25D53B920088C66F /* CallenderLineIssue */ = {
			isa = PBXGroup;
			children = (
				15DECA5D25D53B920088C66F /* AppDelegate.swift */,
				15DECA5F25D53B920088C66F /* SceneDelegate.swift */,
				15DECA6125D53B920088C66F /* ViewController.swift */,
				15DECA7325D53CA60088C66F /* CalendarCell.swift */,
				15DECA6325D53B920088C66F /* Main.storyboard */,
				15DECA7625D53DCA0088C66F /* CalendarSectionHeaderView.swift */,
				15DECA7525D53DCA0088C66F /* CalendarSectionHeaderView.xib */,
				15DECA7125D53C810088C66F /* MarkYourHolidayVC.swift */,
				15DECA6625D53B930088C66F /* Assets.xcassets */,
				15DECA6825D53B930088C66F /* LaunchScreen.storyboard */,
				15DECA6B25D53B930088C66F /* Info.plist */,
			);
			path = CallenderLineIssue;
			sourceTree = "<group>";
		};
		CF2DF0F0B93D34E4051BADA8 /* Pods */ = {
			isa = PBXGroup;
			children = (
				6107D7A484D3619CA83CF857 /* Pods-CallenderLineIssue.debug.xcconfig */,
				4FD5BA5827B9095A11DE14FB /* Pods-CallenderLineIssue.release.xcconfig */,
			);
			path = Pods;
			sourceTree = "<group>";
		};
		DE71AEDB808DD56A17A6FFF9 /* Frameworks */ = {
			isa = PBXGroup;
			children = (
				36ED12C74592C2EE123A6FC4 /* Pods_CallenderLineIssue.framework */,
			);
			name = Frameworks;
			sourceTree = "<group>";
		};
/* End PBXGroup section */

/* Begin PBXNativeTarget section */
		15DECA5925D53B920088C66F /* CallenderLineIssue */ = {
			isa = PBXNativeTarget;
			buildConfigurationList = 15DECA6E25D53B930088C66F /* Build configuration list for PBXNativeTarget "CallenderLineIssue" */;
			buildPhases = (
				3B4AC2A0D365556D70096BF4 /* [CP] Check Pods Manifest.lock */,
				15DECA5625D53B920088C66F /* Sources */,
				15DECA5725D53B920088C66F /* Frameworks */,
				15DECA5825D53B920088C66F /* Resources */,
				8D2FDF1D4207D8B25B205C84 /* [CP] Embed Pods Frameworks */,
			);
			buildRules = (
			);
			dependencies = (
			);
			name = CallenderLineIssue;
			productName = CallenderLineIssue;
			productReference = 15DECA5A25D53B920088C66F /* CallenderLineIssue.app */;
			productType = "com.apple.product-type.application";
		};
/* End PBXNativeTarget section */

/* Begin PBXProject section */
		15DECA5225D53B920088C66F /* Project object */ = {
			isa = PBXProject;
			attributes = {
				LastSwiftUpdateCheck = 1130;
				LastUpgradeCheck = 1130;
				ORGANIZATIONNAME = "Appinop Technologies";
				TargetAttributes = {
					15DECA5925D53B920088C66F = {
						CreatedOnToolsVersion = 11.3;
					};
				};
			};
			buildConfigurationList = 15DECA5525D53B920088C66F /* Build configuration list for PBXProject "CallenderLineIssue" */;
			compatibilityVersion = "Xcode 9.3";
			developmentRegion = en;
			hasScannedForEncodings = 0;
			knownRegions = (
				en,
				Base,
			);
			mainGroup = 15DECA5125D53B920088C66F;
			productRefGroup = 15DECA5B25D53B920088C66F /* Products */;
			projectDirPath = "";
			projectRoot = "";
			targets = (
				15DECA5925D53B920088C66F /* CallenderLineIssue */,
			);
		};
/* End PBXProject section */

/* Begin PBXResourcesBuildPhase section */
		15DECA5825D53B920088C66F /* Resources */ = {
			isa = PBXResourcesBuildPhase;
			buildActionMask = 2147483647;
			files = (
				15DECA6A25D53B930088C66F /* LaunchScreen.storyboard in Resources */,
				15DECA6725D53B930088C66F /* Assets.xcassets in Resources */,
				15DECA6525D53B920088C66F /* Main.storyboard in Resources */,
			);
			runOnlyForDeploymentPostprocessing = 0;
		};
/* End PBXResourcesBuildPhase section */

/* Begin PBXShellScriptBuildPhase section */
		3B4AC2A0D365556D70096BF4 /* [CP] Check Pods Manifest.lock */ = {
			isa = PBXShellScriptBuildPhase;
			buildActionMask = 2147483647;
			files = (
			);
			inputFileListPaths = (
			);
			inputPaths = (
				"${PODS_PODFILE_DIR_PATH}/Podfile.lock",
				"${PODS_ROOT}/Manifest.lock",
			);
			name = "[CP] Check Pods Manifest.lock";
			outputFileListPaths = (
			);
			outputPaths = (
				"$(DERIVED_FILE_DIR)/Pods-CallenderLineIssue-checkManifestLockResult.txt",
			);
			runOnlyForDeploymentPostprocessing = 0;
			shellPath = /bin/sh;
			shellScript = "diff \"${PODS_PODFILE_DIR_PATH}/Podfile.lock\" \"${PODS_ROOT}/Manifest.lock\" > /dev/null\nif [ $? != 0 ] ; then\n    # print error to STDERR\n    echo \"error: The sandbox is not in sync with the Podfile.lock. Run 'pod install' or update your CocoaPods installation.\" >&2\n    exit 1\nfi\n# This output is used by Xcode 'outputs' to avoid re-running this script phase.\necho \"SUCCESS\" > \"${SCRIPT_OUTPUT_FILE_0}\"\n";
			showEnvVarsInLog = 0;
		};
		8D2FDF1D4207D8B25B205C84 /* [CP] Embed Pods Frameworks */ = {
			isa = PBXShellScriptBuildPhase;
			buildActionMask = 2147483647;
			files = (
			);
			inputFileListPaths = (
				"${PODS_ROOT}/Target Support Files/Pods-CallenderLineIssue/Pods-CallenderLineIssue-frameworks-${CONFIGURATION}-input-files.xcfilelist",
			);
			name = "[CP] Embed Pods Frameworks";
			outputFileListPaths = (
				"${PODS_ROOT}/Target Support Files/Pods-CallenderLineIssue/Pods-CallenderLineIssue-frameworks-${CONFIGURATION}-output-files.xcfilelist",
			);
			runOnlyForDeploymentPostprocessing = 0;
			shellPath = /bin/sh;
			shellScript = "\"${PODS_ROOT}/Target Support Files/Pods-CallenderLineIssue/Pods-CallenderLineIssue-frameworks.sh\"\n";
			showEnvVarsInLog = 0;
		};
/* End PBXShellScriptBuildPhase section */

/* Begin PBXSourcesBuildPhase section */
		15DECA5625D53B920088C66F /* Sources */ = {
			isa = PBXSourcesBuildPhase;
			buildActionMask = 2147483647;
			files = (
				15DECA7825D53E5B0088C66F /* CalendarSectionHeaderView.xib in Sources */,
				15DECA6225D53B920088C66F /* ViewController.swift in Sources */,
				15DECA5E25D53B920088C66F /* AppDelegate.swift in Sources */,
				15DECA6025D53B920088C66F /* SceneDelegate.swift in Sources */,
				15DECA7725D53DCB0088C66F /* CalendarSectionHeaderView.swift in Sources */,
				15DECA7225D53C820088C66F /* MarkYourHolidayVC.swift in Sources */,
				15DECA7425D53CA60088C66F /* CalendarCell.swift in Sources */,
			);
			runOnlyForDeploymentPostprocessing = 0;
		};
/* End PBXSourcesBuildPhase section */

/* Begin PBXVariantGroup section */
		15DECA6325D53B920088C66F /* Main.storyboard */ = {
			isa = PBXVariantGroup;
			children = (
				15DECA6425D53B920088C66F /* Base */,
			);
			name = Main.storyboard;
			sourceTree = "<group>";
		};
		15DECA6825D53B930088C66F /* LaunchScreen.storyboard */ = {
			isa = PBXVariantGroup;
			children = (
				15DECA6925D53B930088C66F /* Base */,
			);
			name = LaunchScreen.storyboard;
			sourceTree = "<group>";
		};
/* End PBXVariantGroup section */

/* Begin XCBuildConfiguration section */
		15DECA6C25D53B930088C66F /* Debug */ = {
			isa = XCBuildConfiguration;
			buildSettings = {
				ALWAYS_SEARCH_USER_PATHS = NO;
				CLANG_ANALYZER_NONNULL = YES;
				CLANG_ANALYZER_NUMBER_OBJECT_CONVERSION = YES_AGGRESSIVE;
				CLANG_CXX_LANGUAGE_STANDARD = "gnu++14";
				CLANG_CXX_LIBRARY = "libc++";
				CLANG_ENABLE_MODULES = YES;
				CLANG_ENABLE_OBJC_ARC = YES;
				CLANG_ENABLE_OBJC_WEAK = YES;
				CLANG_WARN_BLOCK_CAPTURE_AUTORELEASING = YES;
				CLANG_WARN_BOOL_CONVERSION = YES;
				CLANG_WARN_COMMA = YES;
				CLANG_WARN_CONSTANT_CONVERSION = YES;
				CLANG_WARN_DEPRECATED_OBJC_IMPLEMENTATIONS = YES;
				CLANG_WARN_DIRECT_OBJC_ISA_USAGE = YES_ERROR;
				CLANG_WARN_DOCUMENTATION_COMMENTS = YES;
				CLANG_WARN_EMPTY_BODY = YES;
				CLANG_WARN_ENUM_CONVERSION = YES;
				CLANG_WARN_INFINITE_RECURSION = YES;
				CLANG_WARN_INT_CONVERSION = YES;
				CLANG_WARN_NON_LITERAL_NULL_CONVERSION = YES;
				CLANG_WARN_OBJC_IMPLICIT_RETAIN_SELF = YES;
				CLANG_WARN_OBJC_LITERAL_CONVERSION = YES;
				CLANG_WARN_OBJC_ROOT_CLASS = YES_ERROR;
				CLANG_WARN_RANGE_LOOP_ANALYSIS = YES;
				CLANG_WARN_STRICT_PROTOTYPES = YES;
				CLANG_WARN_SUSPICIOUS_MOVE = YES;
				CLANG_WARN_UNGUARDED_AVAILABILITY = YES_AGGRESSIVE;
				CLANG_WARN_UNREACHABLE_CODE = YES;
				CLANG_WARN__DUPLICATE_METHOD_MATCH = YES;
				COPY_PHASE_STRIP = NO;
				DEBUG_INFORMATION_FORMAT = dwarf;
				ENABLE_STRICT_OBJC_MSGSEND = YES;
				ENABLE_TESTABILITY = YES;
				GCC_C_LANGUAGE_STANDARD = gnu11;
				GCC_DYNAMIC_NO_PIC = NO;
				GCC_NO_COMMON_BLOCKS = YES;
				GCC_OPTIMIZATION_LEVEL = 0;
				GCC_PREPROCESSOR_DEFINITIONS = (
					"DEBUG=1",
					"$(inherited)",
				);
				GCC_WARN_64_TO_32_BIT_CONVERSION = YES;
				GCC_WARN_ABOUT_RETURN_TYPE = YES_ERROR;
				GCC_WARN_UNDECLARED_SELECTOR = YES;
				GCC_WARN_UNINITIALIZED_AUTOS = YES_AGGRESSIVE;
				GCC_WARN_UNUSED_FUNCTION = YES;
				GCC_WARN_UNUSED_VARIABLE = YES;
				IPHONEOS_DEPLOYMENT_TARGET = 13.2;
				MTL_ENABLE_DEBUG_INFO = INCLUDE_SOURCE;
				MTL_FAST_MATH = YES;
				ONLY_ACTIVE_ARCH = YES;
				SDKROOT = iphoneos;
				SWIFT_ACTIVE_COMPILATION_CONDITIONS = DEBUG;
				SWIFT_OPTIMIZATION_LEVEL = "-Onone";
			};
			name = Debug;
		};
		15DECA6D25D53B930088C66F /* Release */ = {
			isa = XCBuildConfiguration;
			buildSettings = {
				ALWAYS_SEARCH_USER_PATHS = NO;
				CLANG_ANALYZER_NONNULL = YES;
				CLANG_ANALYZER_NUMBER_OBJECT_CONVERSION = YES_AGGRESSIVE;
				CLANG_CXX_LANGUAGE_STANDARD = "gnu++14";
				CLANG_CXX_LIBRARY = "libc++";
				CLANG_ENABLE_MODULES = YES;
				CLANG_ENABLE_OBJC_ARC = YES;
				CLANG_ENABLE_OBJC_WEAK = YES;
				CLANG_WARN_BLOCK_CAPTURE_AUTORELEASING = YES;
				CLANG_WARN_BOOL_CONVERSION = YES;
				CLANG_WARN_COMMA = YES;
				CLANG_WARN_CONSTANT_CONVERSION = YES;
				CLANG_WARN_DEPRECATED_OBJC_IMPLEMENTATIONS = YES;
				CLANG_WARN_DIRECT_OBJC_ISA_USAGE = YES_ERROR;
				CLANG_WARN_DOCUMENTATION_COMMENTS = YES;
				CLANG_WARN_EMPTY_BODY = YES;
				CLANG_WARN_ENUM_CONVERSION = YES;
				CLANG_WARN_INFINITE_RECURSION = YES;
				CLANG_WARN_INT_CONVERSION = YES;
				CLANG_WARN_NON_LITERAL_NULL_CONVERSION = YES;
				CLANG_WARN_OBJC_IMPLICIT_RETAIN_SELF = YES;
				CLANG_WARN_OBJC_LITERAL_CONVERSION = YES;
				CLANG_WARN_OBJC_ROOT_CLASS = YES_ERROR;
				CLANG_WARN_RANGE_LOOP_ANALYSIS = YES;
				CLANG_WARN_STRICT_PROTOTYPES = YES;
				CLANG_WARN_SUSPICIOUS_MOVE = YES;
				CLANG_WARN_UNGUARDED_AVAILABILITY = YES_AGGRESSIVE;
				CLANG_WARN_UNREACHABLE_CODE = YES;
				CLANG_WARN__DUPLICATE_METHOD_MATCH = YES;
				COPY_PHASE_STRIP = NO;
				DEBUG_INFORMATION_FORMAT = "dwarf-with-dsym";
				ENABLE_NS_ASSERTIONS = NO;
				ENABLE_STRICT_OBJC_MSGSEND = YES;
				GCC_C_LANGUAGE_STANDARD = gnu11;
				GCC_NO_COMMON_BLOCKS = YES;
				GCC_WARN_64_TO_32_BIT_CONVERSION = YES;
				GCC_WARN_ABOUT_RETURN_TYPE = YES_ERROR;
				GCC_WARN_UNDECLARED_SELECTOR = YES;
				GCC_WARN_UNINITIALIZED_AUTOS = YES_AGGRESSIVE;
				GCC_WARN_UNUSED_FUNCTION = YES;
				GCC_WARN_UNUSED_VARIABLE = YES;
				IPHONEOS_DEPLOYMENT_TARGET = 13.2;
				MTL_ENABLE_DEBUG_INFO = NO;
				MTL_FAST_MATH = YES;
				SDKROOT = iphoneos;
				SWIFT_COMPILATION_MODE = wholemodule;
				SWIFT_OPTIMIZATION_LEVEL = "-O";
				VALIDATE_PRODUCT = YES;
			};
			name = Release;
		};
		15DECA6F25D53B930088C66F /* Debug */ = {
			isa = XCBuildConfiguration;
			baseConfigurationReference = 6107D7A484D3619CA83CF857 /* Pods-CallenderLineIssue.debug.xcconfig */;
			buildSettings = {
				ASSETCATALOG_COMPILER_APPICON_NAME = AppIcon;
				CODE_SIGN_STYLE = Automatic;
				INFOPLIST_FILE = CallenderLineIssue/Info.plist;
				LD_RUNPATH_SEARCH_PATHS = (
					"$(inherited)",
					"@executable_path/Frameworks",
				);
				PRODUCT_BUNDLE_IDENTIFIER = com.app.calenerissue.CallenderLineIssue;
				PRODUCT_NAME = "$(TARGET_NAME)";
				SWIFT_VERSION = 5.0;
				TARGETED_DEVICE_FAMILY = "1,2";
			};
			name = Debug;
		};
		15DECA7025D53B930088C66F /* Release */ = {
			isa = XCBuildConfiguration;
			baseConfigurationReference = 4FD5BA5827B9095A11DE14FB /* Pods-CallenderLineIssue.release.xcconfig */;
			buildSettings = {
				ASSETCATALOG_COMPILER_APPICON_NAME = AppIcon;
				CODE_SIGN_STYLE = Automatic;
				INFOPLIST_FILE = CallenderLineIssue/Info.plist;
				LD_RUNPATH_SEARCH_PATHS = (
					"$(inherited)",
					"@executable_path/Frameworks",
				);
				PRODUCT_BUNDLE_IDENTIFIER = com.app.calenerissue.CallenderLineIssue;
				PRODUCT_NAME = "$(TARGET_NAME)";
				SWIFT_VERSION = 5.0;
				TARGETED_DEVICE_FAMILY = "1,2";
			};
			name = Release;
		};
/* End XCBuildConfiguration section */

/* Begin XCConfigurationList section */
		15DECA5525D53B920088C66F /* Build configuration list for PBXProject "CallenderLineIssue" */ = {
			isa = XCConfigurationList;
			buildConfigurations = (
				15DECA6C25D53B930088C66F /* Debug */,
				15DECA6D25D53B930088C66F /* Release */,
			);
			defaultConfigurationIsVisible = 0;
			defaultConfigurationName = Release;
		};
		15DECA6E25D53B930088C66F /* Build configuration list for PBXNativeTarget "CallenderLineIssue" */ = {
			isa = XCConfigurationList;
			buildConfigurations = (
				15DECA6F25D53B930088C66F /* Debug */,
				15DECA7025D53B930088C66F /* Release */,
			);
			defaultConfigurationIsVisible = 0;
			defaultConfigurationName = Release;
		};
/* End XCConfigurationList section */
	};
	rootObject = 15DECA5225D53B920088C66F /* Project object */;
}
